// !$*UTF8*$!
{
	archiveVersion = 1;
	classes = {
	};
	objectVersion = 55;
	objects = {

/* Begin PBXBuildFile section */
		D6815544274DC5BA00D5AC68 /* AppDelegate.swift in Sources */ = {isa = PBXBuildFile; fileRef = D6815543274DC5BA00D5AC68 /* AppDelegate.swift */; };
		D6815546274DC5BA00D5AC68 /* SceneDelegate.swift in Sources */ = {isa = PBXBuildFile; fileRef = D6815545274DC5BA00D5AC68 /* SceneDelegate.swift */; };
		D6815548274DC5BA00D5AC68 /* ViewController.swift in Sources */ = {isa = PBXBuildFile; fileRef = D6815547274DC5BA00D5AC68 /* ViewController.swift */; };
		D681554B274DC5BA00D5AC68 /* Main.storyboard in Resources */ = {isa = PBXBuildFile; fileRef = D6815549274DC5BA00D5AC68 /* Main.storyboard */; };
		D681554D274DC5BF00D5AC68 /* Assets.xcassets in Resources */ = {isa = PBXBuildFile; fileRef = D681554C274DC5BF00D5AC68 /* Assets.xcassets */; };
		D6815550274DC5BF00D5AC68 /* LaunchScreen.storyboard in Resources */ = {isa = PBXBuildFile; fileRef = D681554E274DC5BF00D5AC68 /* LaunchScreen.storyboard */; };
		D6815558274DD63500D5AC68 /* Crashed Scoreboard.ttf in Resources */ = {isa = PBXBuildFile; fileRef = D6815557274DD63500D5AC68 /* Crashed Scoreboard.ttf */; };
		D681555A274DD75300D5AC68 /* digital-7.regular.ttf in Resources */ = {isa = PBXBuildFile; fileRef = D6815559274DD75200D5AC68 /* digital-7.regular.ttf */; };
/* End PBXBuildFile section */

/* Begin PBXFileReference section */
		D6815540274DC5BA00D5AC68 /* Homework20Scoreboard.app */ = {isa = PBXFileReference; explicitFileType = wrapper.application; includeInIndex = 0; path = Homework20Scoreboard.app; sourceTree = BUILT_PRODUCTS_DIR; };
		D6815543274DC5BA00D5AC68 /* AppDelegate.swift */ = {isa = PBXFileReference; lastKnownFileType = sourcecode.swift; path = AppDelegate.swift; sourceTree = "<group>"; };
		D6815545274DC5BA00D5AC68 /* SceneDelegate.swift */ = {isa = PBXFileReference; lastKnownFileType = sourcecode.swift; path = SceneDelegate.swift; sourceTree = "<group>"; };
		D6815547274DC5BA00D5AC68 /* ViewController.swift */ = {isa = PBXFileReference; lastKnownFileType = sourcecode.swift; path = ViewController.swift; sourceTree = "<group>"; };
		D681554A274DC5BA00D5AC68 /* Base */ = {isa = PBXFileReference; lastKnownFileType = file.storyboard; name = Base; path = Base.lproj/Main.storyboard; sourceTree = "<group>"; };
		D681554C274DC5BF00D5AC68 /* Assets.xcassets */ = {isa = PBXFileReference; lastKnownFileType = folder.assetcatalog; path = Assets.xcassets; sourceTree = "<group>"; };
		D681554F274DC5BF00D5AC68 /* Base */ = {isa = PBXFileReference; lastKnownFileType = file.storyboard; name = Base; path = Base.lproj/LaunchScreen.storyboard; sourceTree = "<group>"; };
		D6815551274DC5BF00D5AC68 /* Info.plist */ = {isa = PBXFileReference; lastKnownFileType = text.plist.xml; path = Info.plist; sourceTree = "<group>"; };
		D6815557274DD63500D5AC68 /* Crashed Scoreboard.ttf */ = {isa = PBXFileReference; lastKnownFileType = file; path = "Crashed Scoreboard.ttf"; sourceTree = "<group>"; };
		D6815559274DD75200D5AC68 /* digital-7.regular.ttf */ = {isa = PBXFileReference; lastKnownFileType = file; path = "digital-7.regular.ttf"; sourceTree = "<group>"; };
/* End PBXFileReference section */

/* Begin PBXFrameworksBuildPhase section */
		D681553D274DC5BA00D5AC68 /* Frameworks */ = {
			isa = PBXFrameworksBuildPhase;
			buildActionMask = 2147483647;
			files = (
			);
			runOnlyForDeploymentPostprocessing = 0;
		};
/* End PBXFrameworksBuildPhase section */

/* Begin PBXGroup section */
		D6815537274DC5B900D5AC68 = {
			isa = PBXGroup;
			children = (
				D6815542274DC5BA00D5AC68 /* Homework20Scoreboard */,
				D6815541274DC5BA00D5AC68 /* Products */,
			);
			sourceTree = "<group>";
		};
		D6815541274DC5BA00D5AC68 /* Products */ = {
			isa = PBXGroup;
			children = (
				D6815540274DC5BA00D5AC68 /* Homework20Scoreboard.app */,
			);
			name = Products;
			sourceTree = "<group>";
		};
		D6815542274DC5BA00D5AC68 /* Homework20Scoreboard */ = {
			isa = PBXGroup;
			children = (
				D6815543274DC5BA00D5AC68 /* AppDelegate.swift */,
				D6815545274DC5BA00D5AC68 /* SceneDelegate.swift */,
				D6815547274DC5BA00D5AC68 /* ViewController.swift */,
				D6815549274DC5BA00D5AC68 /* Main.storyboard */,
				D681554C274DC5BF00D5AC68 /* Assets.xcassets */,
				D681554E274DC5BF00D5AC68 /* LaunchScreen.storyboard */,
				D6815551274DC5BF00D5AC68 /* Info.plist */,
				D6815557274DD63500D5AC68 /* Crashed Scoreboard.ttf */,
				D6815559274DD75200D5AC68 /* digital-7.regular.ttf */,
			);
			path = Homework20Scoreboard;
			sourceTree = "<group>";
		};
/* End PBXGroup section */

/* Begin PBXNativeTarget section */
		D681553F274DC5BA00D5AC68 /* Homework20Scoreboard */ = {
			isa = PBXNativeTarget;
			buildConfigurationList = D6815554274DC5BF00D5AC68 /* Build configuration list for PBXNativeTarget "Homework20Scoreboard" */;
			buildPhases = (
				D681553C274DC5BA00D5AC68 /* Sources */,
				D681553D274DC5BA00D5AC68 /* Frameworks */,
				D681553E274DC5BA00D5AC68 /* Resources */,
			);
			buildRules = (
			);
			dependencies = (
			);
			name = Homework20Scoreboard;
			productName = Homework20Scoreboard;
			productReference = D6815540274DC5BA00D5AC68 /* Homework20Scoreboard.app */;
			productType = "com.apple.product-type.application";
		};
/* End PBXNativeTarget section */

/* Begin PBXProject section */
		D6815538274DC5B900D5AC68 /* Project object */ = {
			isa = PBXProject;
			attributes = {
				BuildIndependentTargetsInParallel = 1;
				LastSwiftUpdateCheck = 1310;
				LastUpgradeCheck = 1310;
				TargetAttributes = {
					D681553F274DC5BA00D5AC68 = {
						CreatedOnToolsVersion = 13.1;
					};
				};
			};
			buildConfigurationList = D681553B274DC5BA00D5AC68 /* Build configuration list for PBXProject "Homework20Scoreboard" */;
			compatibilityVersion = "Xcode 13.0";
			developmentRegion = en;
			hasScannedForEncodings = 0;
			knownRegions = (
				en,
				Base,
			);
			mainGroup = D6815537274DC5B900D5AC68;
			productRefGroup = D6815541274DC5BA00D5AC68 /* Products */;
			projectDirPath = "";
			projectRoot = "";
			targets = (
				D681553F274DC5BA00D5AC68 /* Homework20Scoreboard */,
			);
		};
/* End PBXProject section */

/* Begin PBXResourcesBuildPhase section */
		D681553E274DC5BA00D5AC68 /* Resources */ = {
			isa = PBXResourcesBuildPhase;
			buildActionMask = 2147483647;
			files = (
				D6815558274DD63500D5AC68 /* Crashed Scoreboard.ttf in Resources */,
				D6815550274DC5BF00D5AC68 /* LaunchScreen.storyboard in Resources */,
				D681554D274DC5BF00D5AC68 /* Assets.xcassets in Resources */,
				D681554B274DC5BA00D5AC68 /* Main.storyboard in Resources */,
				D681555A274DD75300D5AC68 /* digital-7.regular.ttf in Resources */,
			);
			runOnlyForDeploymentPostprocessing = 0;
		};
/* End PBXResourcesBuildPhase section */

/* Begin PBXSourcesBuildPhase section */
		D681553C274DC5BA00D5AC68 /* Sources */ = {
			isa = PBXSourcesBuildPhase;
			buildActionMask = 2147483647;
			files = (
				D6815548274DC5BA00D5AC68 /* ViewController.swift in Sources */,
				D6815544274DC5BA00D5AC68 /* AppDelegate.swift in Sources */,
				D6815546274DC5BA00D5AC68 /* SceneDelegate.swift in Sources */,
			);
			runOnlyForDeploymentPostprocessing = 0;
		};
/* End PBXSourcesBuildPhase section */

/* Begin PBXVariantGroup section */
		D6815549274DC5BA00D5AC68 /* Main.storyboard */ = {
			isa = PBXVariantGroup;
			children = (
				D681554A274DC5BA00D5AC68 /* Base */,
			);
			name = Main.storyboard;
			sourceTree = "<group>";
		};
		D681554E274DC5BF00D5AC68 /* LaunchScreen.storyboard */ = {
			isa = PBXVariantGroup;
			children = (
				D681554F274DC5BF00D5AC68 /* Base */,
			);
			name = LaunchScreen.storyboard;
			sourceTree = "<group>";
		};
/* End PBXVariantGroup section */

/* Begin XCBuildConfiguration section */
		D6815552274DC5BF00D5AC68 /* Debug */ = {
			isa = XCBuildConfiguration;
			buildSettings = {
				ALWAYS_SEARCH_USER_PATHS = NO;
				CLANG_ANALYZER_NONNULL = YES;
				CLANG_ANALYZER_NUMBER_OBJECT_CONVERSION = YES_AGGRESSIVE;
				CLANG_CXX_LANGUAGE_STANDARD = "gnu++17";
				CLANG_CXX_LIBRARY = "libc++";
				CLANG_ENABLE_MODULES = YES;
				CLANG_ENABLE_OBJC_ARC = YES;
				CLANG_ENABLE_OBJC_WEAK = YES;
				CLANG_WARN_BLOCK_CAPTURE_AUTORELEASING = YES;
				CLANG_WARN_BOOL_CONVERSION = YES;
				CLANG_WARN_COMMA = YES;
				CLANG_WARN_CONSTANT_CONVERSION = YES;
				CLANG_WARN_DEPRECATED_OBJC_IMPLEMENTATIONS = YES;
				CLANG_WARN_DIRECT_OBJC_ISA_USAGE = YES_ERROR;
				CLANG_WARN_DOCUMENTATION_COMMENTS = YES;
				CLANG_WARN_EMPTY_BODY = YES;
				CLANG_WARN_ENUM_CONVERSION = YES;
				CLANG_WARN_INFINITE_RECURSION = YES;
				CLANG_WARN_INT_CONVERSION = YES;
				CLANG_WARN_NON_LITERAL_NULL_CONVERSION = YES;
				CLANG_WARN_OBJC_IMPLICIT_RETAIN_SELF = YES;
				CLANG_WARN_OBJC_LITERAL_CONVERSION = YES;
				CLANG_WARN_OBJC_ROOT_CLASS = YES_ERROR;
				CLANG_WARN_QUOTED_INCLUDE_IN_FRAMEWORK_HEADER = YES;
				CLANG_WARN_RANGE_LOOP_ANALYSIS = YES;
				CLANG_WARN_STRICT_PROTOTYPES = YES;
				CLANG_WARN_SUSPICIOUS_MOVE = YES;
				CLANG_WARN_UNGUARDED_AVAILABILITY = YES_AGGRESSIVE;
				CLANG_WARN_UNREACHABLE_CODE = YES;
				CLANG_WARN__DUPLICATE_METHOD_MATCH = YES;
				COPY_PHASE_STRIP = NO;
				DEBUG_INFORMATION_FORMAT = dwarf;
				ENABLE_STRICT_OBJC_MSGSEND = YES;
				ENABLE_TESTABILITY = YES;
				GCC_C_LANGUAGE_STANDARD = gnu11;
				GCC_DYNAMIC_NO_PIC = NO;
				GCC_NO_COMMON_BLOCKS = YES;
				GCC_OPTIMIZATION_LEVEL = 0;
				GCC_PREPROCESSOR_DEFINITIONS = (
					"DEBUG=1",
					"$(inherited)",
				);
				GCC_WARN_64_TO_32_BIT_CONVERSION = YES;
				GCC_WARN_ABOUT_RETURN_TYPE = YES_ERROR;
				GCC_WARN_UNDECLARED_SELECTOR = YES;
				GCC_WARN_UNINITIALIZED_AUTOS = YES_AGGRESSIVE;
				GCC_WARN_UNUSED_FUNCTION = YES;
				GCC_WARN_UNUSED_VARIABLE = YES;
				IPHONEOS_DEPLOYMENT_TARGET = 15.0;
				MTL_ENABLE_DEBUG_INFO = INCLUDE_SOURCE;
				MTL_FAST_MATH = YES;
				ONLY_ACTIVE_ARCH = YES;
				SDKROOT = iphoneos;
				SWIFT_ACTIVE_COMPILATION_CONDITIONS = DEBUG;
				SWIFT_OPTIMIZATION_LEVEL = "-Onone";
			};
			name = Debug;
		};
		D6815553274DC5BF00D5AC68 /* Release */ = {
			isa = XCBuildConfiguration;
			buildSettings = {
				ALWAYS_SEARCH_USER_PATHS = NO;
				CLANG_ANALYZER_NONNULL = YES;
				CLANG_ANALYZER_NUMBER_OBJECT_CONVERSION = YES_AGGRESSIVE;
				CLANG_CXX_LANGUAGE_STANDARD = "gnu++17";
				CLANG_CXX_LIBRARY = "libc++";
				CLANG_ENABLE_MODULES = YES;
				CLANG_ENABLE_OBJC_ARC = YES;
				CLANG_ENABLE_OBJC_WEAK = YES;
				CLANG_WARN_BLOCK_CAPTURE_AUTORELEASING = YES;
				CLANG_WARN_BOOL_CONVERSION = YES;
				CLANG_WARN_COMMA = YES;
				CLANG_WARN_CONSTANT_CONVERSION = YES;
				CLANG_WARN_DEPRECATED_OBJC_IMPLEMENTATIONS = YES;
				CLANG_WARN_DIRECT_OBJC_ISA_USAGE = YES_ERROR;
				CLANG_WARN_DOCUMENTATION_COMMENTS = YES;
				CLANG_WARN_EMPTY_BODY = YES;
				CLANG_WARN_ENUM_CONVERSION = YES;
				CLANG_WARN_INFINITE_RECURSION = YES;
				CLANG_WARN_INT_CONVERSION = YES;
				CLANG_WARN_NON_LITERAL_NULL_CONVERSION = YES;
				CLANG_WARN_OBJC_IMPLICIT_RETAIN_SELF = YES;
				CLANG_WARN_OBJC_LITERAL_CONVERSION = YES;
				CLANG_WARN_OBJC_ROOT_CLASS = YES_ERROR;
				CLANG_WARN_QUOTED_INCLUDE_IN_FRAMEWORK_HEADER = YES;
				CLANG_WARN_RANGE_LOOP_ANALYSIS = YES;
				CLANG_WARN_STRICT_PROTOTYPES = YES;
				CLANG_WARN_SUSPICIOUS_MOVE = YES;
				CLANG_WARN_UNGUARDED_AVAILABILITY = YES_AGGRESSIVE;
				CLANG_WARN_UNREACHABLE_CODE = YES;
				CLANG_WARN__DUPLICATE_METHOD_MATCH = YES;
				COPY_PHASE_STRIP = NO;
				DEBUG_INFORMATION_FORMAT = "dwarf-with-dsym";
				ENABLE_NS_ASSERTIONS = NO;
				ENABLE_STRICT_OBJC_MSGSEND = YES;
				GCC_C_LANGUAGE_STANDARD = gnu11;
				GCC_NO_COMMON_BLOCKS = YES;
				GCC_WARN_64_TO_32_BIT_CONVERSION = YES;
				GCC_WARN_ABOUT_RETURN_TYPE = YES_ERROR;
				GCC_WARN_UNDECLARED_SELECTOR = YES;
				GCC_WARN_UNINITIALIZED_AUTOS = YES_AGGRESSIVE;
				GCC_WARN_UNUSED_FUNCTION = YES;
				GCC_WARN_UNUSED_VARIABLE = YES;
				IPHONEOS_DEPLOYMENT_TARGET = 15.0;
				MTL_ENABLE_DEBUG_INFO = NO;
				MTL_FAST_MATH = YES;
				SDKROOT = iphoneos;
				SWIFT_COMPILATION_MODE = wholemodule;
				SWIFT_OPTIMIZATION_LEVEL = "-O";
				VALIDATE_PRODUCT = YES;
			};
			name = Release;
		};
		D6815555274DC5BF00D5AC68 /* Debug */ = {
			isa = XCBuildConfiguration;
			buildSettings = {
				ASSETCATALOG_COMPILER_APPICON_NAME = AppIcon;
				ASSETCATALOG_COMPILER_GLOBAL_ACCENT_COLOR_NAME = AccentColor;
				CODE_SIGN_STYLE = Automatic;
				CURRENT_PROJECT_VERSION = 1;
				DEVELOPMENT_TEAM = F25SU568R8;
				GENERATE_INFOPLIST_FILE = YES;
				INFOPLIST_FILE = Homework20Scoreboard/Info.plist;
				INFOPLIST_KEY_UIApplicationSupportsIndirectInputEvents = YES;
				INFOPLIST_KEY_UILaunchStoryboardName = LaunchScreen;
				INFOPLIST_KEY_UIMainStoryboardFile = Main;
				INFOPLIST_KEY_UISupportedInterfaceOrientations = "UIInterfaceOrientationLandscapeLeft UIInterfaceOrientationLandscapeRight";
				INFOPLIST_KEY_UISupportedInterfaceOrientations_iPad = "UIInterfaceOrientationPortrait UIInterfaceOrientationPortraitUpsideDown UIInterfaceOrientationLandscapeLeft UIInterfaceOrientationLandscapeRight";
				INFOPLIST_KEY_UISupportedInterfaceOrientations_iPhone = "UIInterfaceOrientationPortrait UIInterfaceOrientationLandscapeLeft UIInterfaceOrientationLandscapeRight";
				LD_RUNPATH_SEARCH_PATHS = (
					"$(inherited)",
					"@executable_path/Frameworks",
				);
				MARKETING_VERSION = 1.0;
				PRODUCT_BUNDLE_IDENTIFIER = learnIOS.Homework20Scoreboard;
				PRODUCT_NAME = "$(TARGET_NAME)";
				SWIFT_EMIT_LOC_STRINGS = YES;
				SWIFT_VERSION = 5.0;
				TARGETED_DEVICE_FAMILY = "1,2";
			};
			name = Debug;
		};
		D6815556274DC5BF00D5AC68 /* Release */ = {
			isa = XCBuildConfiguration;
			buildSettings = {
				ASSETCATALOG_COMPILER_APPICON_NAME = AppIcon;
				ASSETCATALOG_COMPILER_GLOBAL_ACCENT_COLOR_NAME = AccentColor;
				CODE_SIGN_STYLE = Automatic;
				CURRENT_PROJECT_VERSION = 1;
				DEVELOPMENT_TEAM = F25SU568R8;
				GENERATE_INFOPLIST_FILE = YES;
				INFOPLIST_FILE = Homework20Scoreboard/Info.plist;
				INFOPLIST_KEY_UIApplicationSupportsIndirectInputEvents = YES;
				INFOPLIST_KEY_UILaunchStoryboardName = LaunchScreen;
				INFOPLIST_KEY_UIMainStoryboardFile = Main;
				INFOPLIST_KEY_UISupportedInterfaceOrientations = "UIInterfaceOrientationLandscapeLeft UIInterfaceOrientationLandscapeRight";
				INFOPLIST_KEY_UISupportedInterfaceOrientations_iPad = "UIInterfaceOrientationPortrait UIInterfaceOrientationPortraitUpsideDown UIInterfaceOrientationLandscapeLeft UIInterfaceOrientationLandscapeRight";
				INFOPLIST_KEY_UISupportedInterfaceOrientations_iPhone = "UIInterfaceOrientationPortrait UIInterfaceOrientationLandscapeLeft UIInterfaceOrientationLandscapeRight";
				LD_RUNPATH_SEARCH_PATHS = (
					"$(inherited)",
					"@executable_path/Frameworks",
				);
				MARKETING_VERSION = 1.0;
				PRODUCT_BUNDLE_IDENTIFIER = learnIOS.Homework20Scoreboard;
				PRODUCT_NAME = "$(TARGET_NAME)";
				SWIFT_EMIT_LOC_STRINGS = YES;
				SWIFT_VERSION = 5.0;
				TARGETED_DEVICE_FAMILY = "1,2";
			};
			name = Release;
		};
/* End XCBuildConfiguration section */

/* Begin XCConfigurationList section */
		D681553B274DC5BA00D5AC68 /* Build configuration list for PBXProject "Homework20Scoreboard" */ = {
			isa = XCConfigurationList;
			buildConfigurations = (
				D6815552274DC5BF00D5AC68 /* Debug */,
				D6815553274DC5BF00D5AC68 /* Release */,
			);
			defaultConfigurationIsVisible = 0;
			defaultConfigurationName = Release;
		};
		D6815554274DC5BF00D5AC68 /* Build configuration list for PBXNativeTarget "Homework20Scoreboard" */ = {
			isa = XCConfigurationList;
			buildConfigurations = (
				D6815555274DC5BF00D5AC68 /* Debug */,
				D6815556274DC5BF00D5AC68 /* Release */,
			);
			defaultConfigurationIsVisible = 0;
			defaultConfigurationName = Release;
		};
/* End XCConfigurationList section */
	};
	rootObject = D6815538274DC5B900D5AC68 /* Project object */;
}
